
Microsoft Visual Studio Solution File, Format Version 12.00
# Visual Studio Version 16
VisualStudioVersion = 16.0.31624.102
MinimumVisualStudioVersion = 10.0.40219.1
Project("{9A19103F-16F7-4668-BE54-9A1E7A4F7556}") = "BigInt.AzureRedisCache.MiddleWare", "BigInt.AzureRedisCache.MiddleWare\BigInt.AzureRedisCache.MiddleWare.csproj", "{84DDC6AB-5BDD-4771-810D-96591D5DE08C}"
EndProject
Global
	GlobalSection(SolutionConfigurationPlatforms) = preSolution
		Debug|Any CPU = Debug|Any CPU
		Release|Any CPU = Release|Any CPU
	EndGlobalSection
	GlobalSection(ProjectConfigurationPlatforms) = postSolution
		{84DDC6AB-5BDD-4771-810D-96591D5DE08C}.Debug|Any CPU.ActiveCfg = Debug|Any CPU
		{84DDC6AB-5BDD-4771-810D-96591D5DE08C}.Debug|Any CPU.Build.0 = Debug|Any CPU
		{84DDC6AB-5BDD-4771-810D-96591D5DE08C}.Release|Any CPU.ActiveCfg = Release|Any CPU
		{84DDC6AB-5BDD-4771-810D-96591D5DE08C}.Release|Any CPU.Build.0 = Release|Any CPU
	EndGlobalSection
	GlobalSection(SolutionProperties) = preSolution
		HideSolutionNode = FALSE
	EndGlobalSection
	GlobalSection(ExtensibilityGlobals) = postSolution
		SolutionGuid = {B12FCD00-FFBB-43FD-B922-9BB54BD4F60D}
	EndGlobalSection
EndGlobal
